
Microsoft Visual Studio Solution File, Format Version 12.00
# Visual Studio Version 17
VisualStudioVersion = 17.13.35828.75 d17.13
MinimumVisualStudioVersion = 10.0.40219.1
Project("{FAE04EC0-301F-11D3-BF4B-00C04F79EFBC}") = "SLMMSPhi4", "SLMMSPhi4\SLMMSPhi4.csproj", "{B2404DB8-85F8-4EAE-A58A-05C42FC1C398}"
EndProject
Global
	GlobalSection(SolutionConfigurationPlatforms) = preSolution
		Debug|Any CPU = Debug|Any CPU
		Release|Any CPU = Release|Any CPU
	EndGlobalSection
	GlobalSection(ProjectConfigurationPlatforms) = postSolution
		{B2404DB8-85F8-4EAE-A58A-05C42FC1C398}.Debug|Any CPU.ActiveCfg = Debug|Any CPU
		{B2404DB8-85F8-4EAE-A58A-05C42FC1C398}.Debug|Any CPU.Build.0 = Debug|Any CPU
		{B2404DB8-85F8-4EAE-A58A-05C42FC1C398}.Release|Any CPU.ActiveCfg = Release|Any CPU
		{B2404DB8-85F8-4EAE-A58A-05C42FC1C398}.Release|Any CPU.Build.0 = Release|Any CPU
	EndGlobalSection
	GlobalSection(SolutionProperties) = preSolution
		HideSolutionNode = FALSE
	EndGlobalSection
	GlobalSection(ExtensibilityGlobals) = postSolution
		SolutionGuid = {87AC9C87-B83F-4246-A87A-436CA27AFE00}
	EndGlobalSection
EndGlobal
